
Microsoft Visual Studio Solution File, Format Version 12.00
# Visual Studio Version 16
VisualStudioVersion = 16.0.31410.357
MinimumVisualStudioVersion = 10.0.40219.1
Project("{FAE04EC0-301F-11D3-BF4B-00C04F79EFBC}") = "FileIoOperations", "FileIoOperations\FileIoOperations.csproj", "{68F7AC84-9E35-4BA3-A378-7283D2E5160C}"
EndProject
Global
	GlobalSection(SolutionConfigurationPlatforms) = preSolution
		Debug|Any CPU = Debug|Any CPU
		Release|Any CPU = Release|Any CPU
	EndGlobalSection
	GlobalSection(ProjectConfigurationPlatforms) = postSolution
		{68F7AC84-9E35-4BA3-A378-7283D2E5160C}.Debug|Any CPU.ActiveCfg = Debug|Any CPU
		{68F7AC84-9E35-4BA3-A378-7283D2E5160C}.Debug|Any CPU.Build.0 = Debug|Any CPU
		{68F7AC84-9E35-4BA3-A378-7283D2E5160C}.Release|Any CPU.ActiveCfg = Release|Any CPU
		{68F7AC84-9E35-4BA3-A378-7283D2E5160C}.Release|Any CPU.Build.0 = Release|Any CPU
	EndGlobalSection
	GlobalSection(SolutionProperties) = preSolution
		HideSolutionNode = FALSE
	EndGlobalSection
	GlobalSection(ExtensibilityGlobals) = postSolution
		SolutionGuid = {042A48F6-9F62-4D9A-9506-B13C3442B829}
	EndGlobalSection
EndGlobal
